
Microsoft Visual Studio Solution File, Format Version 12.00
# Visual Studio Version 16
VisualStudioVersion = 16.0.31424.327
MinimumVisualStudioVersion = 10.0.40219.1
Project("{FAE04EC0-301F-11D3-BF4B-00C04F79EFBC}") = "RestWithASP-NET5", "RestWithASP-NET5\RestWithASP-NET5.csproj", "{1168A525-B677-4641-9072-BE6F63F0DF0A}"
EndProject
Global
	GlobalSection(SolutionConfigurationPlatforms) = preSolution
		Debug|Any CPU = Debug|Any CPU
		Release|Any CPU = Release|Any CPU
	EndGlobalSection
	GlobalSection(ProjectConfigurationPlatforms) = postSolution
		{1168A525-B677-4641-9072-BE6F63F0DF0A}.Debug|Any CPU.ActiveCfg = Debug|Any CPU
		{1168A525-B677-4641-9072-BE6F63F0DF0A}.Debug|Any CPU.Build.0 = Debug|Any CPU
		{1168A525-B677-4641-9072-BE6F63F0DF0A}.Release|Any CPU.ActiveCfg = Release|Any CPU
		{1168A525-B677-4641-9072-BE6F63F0DF0A}.Release|Any CPU.Build.0 = Release|Any CPU
	EndGlobalSection
	GlobalSection(SolutionProperties) = preSolution
		HideSolutionNode = FALSE
	EndGlobalSection
	GlobalSection(ExtensibilityGlobals) = postSolution
		SolutionGuid = {7BE52438-224B-4465-97C0-F438E0B96C64}
	EndGlobalSection
EndGlobal
